{
  "requires": true,
  "lockfileVersion": 1,
  "dependencies": {
    "backbone.marionette": {
      "version": "3.4.3",
      "resolved": "https://registry.npmjs.org/backbone.marionette/-/backbone.marionette-3.4.3.tgz",
      "integrity": "sha1-MBMwsFHEFPeEoCln4UUlScMxI1U=",
      "requires": {
        "backbone.radio": "2.0.0"
      }
    },
    "backbone.radio": {
      "version": "2.0.0",
      "resolved": "https://registry.npmjs.org/backbone.radio/-/backbone.radio-2.0.0.tgz",
      "integrity": "sha1-u+hnKzc+MT+Z820vvPWD/nfQT0I="
    }
  }
}
